
Microsoft Visual Studio Solution File, Format Version 12.00
# Visual Studio Version 16
VisualStudioVersion = 16.0.31410.357
MinimumVisualStudioVersion = 10.0.40219.1
Project("{FAE04EC0-301F-11D3-BF4B-00C04F79EFBC}") = "Exercise1", "Exercise1\Exercise1.csproj", "{FB8FFCEC-BD64-4B81-8B6A-DDB46DFC81A9}"
EndProject
Project("{FAE04EC0-301F-11D3-BF4B-00C04F79EFBC}") = "Exercise2", "Exercise2\Exercise2.csproj", "{82A328FF-1688-44FE-9DB0-3BA3CDB1E99E}"
EndProject
Project("{FAE04EC0-301F-11D3-BF4B-00C04F79EFBC}") = "Exercise3", "Exercise3\Exercise3.csproj", "{B083A427-615D-4260-9181-7995948609E0}"
EndProject
Project("{FAE04EC0-301F-11D3-BF4B-00C04F79EFBC}") = "Exercise4", "Exercise4\Exercise4.csproj", "{28D4D20E-3F79-4F5A-948E-497DECE3D55C}"
EndProject
Project("{FAE04EC0-301F-11D3-BF4B-00C04F79EFBC}") = "Exercise5", "Exercise5\Exercise5.csproj", "{A03070AE-7682-4FF5-A1A1-6B2FE7892307}"
EndProject
Global
	GlobalSection(SolutionConfigurationPlatforms) = preSolution
		Debug|Any CPU = Debug|Any CPU
		Release|Any CPU = Release|Any CPU
	EndGlobalSection
	GlobalSection(ProjectConfigurationPlatforms) = postSolution
		{FB8FFCEC-BD64-4B81-8B6A-DDB46DFC81A9}.Debug|Any CPU.ActiveCfg = Debug|Any CPU
		{FB8FFCEC-BD64-4B81-8B6A-DDB46DFC81A9}.Debug|Any CPU.Build.0 = Debug|Any CPU
		{FB8FFCEC-BD64-4B81-8B6A-DDB46DFC81A9}.Release|Any CPU.ActiveCfg = Release|Any CPU
		{FB8FFCEC-BD64-4B81-8B6A-DDB46DFC81A9}.Release|Any CPU.Build.0 = Release|Any CPU
		{82A328FF-1688-44FE-9DB0-3BA3CDB1E99E}.Debug|Any CPU.ActiveCfg = Debug|Any CPU
		{82A328FF-1688-44FE-9DB0-3BA3CDB1E99E}.Debug|Any CPU.Build.0 = Debug|Any CPU
		{82A328FF-1688-44FE-9DB0-3BA3CDB1E99E}.Release|Any CPU.ActiveCfg = Release|Any CPU
		{82A328FF-1688-44FE-9DB0-3BA3CDB1E99E}.Release|Any CPU.Build.0 = Release|Any CPU
		{B083A427-615D-4260-9181-7995948609E0}.Debug|Any CPU.ActiveCfg = Debug|Any CPU
		{B083A427-615D-4260-9181-7995948609E0}.Debug|Any CPU.Build.0 = Debug|Any CPU
		{B083A427-615D-4260-9181-7995948609E0}.Release|Any CPU.ActiveCfg = Release|Any CPU
		{B083A427-615D-4260-9181-7995948609E0}.Release|Any CPU.Build.0 = Release|Any CPU
		{28D4D20E-3F79-4F5A-948E-497DECE3D55C}.Debug|Any CPU.ActiveCfg = Debug|Any CPU
		{28D4D20E-3F79-4F5A-948E-497DECE3D55C}.Debug|Any CPU.Build.0 = Debug|Any CPU
		{28D4D20E-3F79-4F5A-948E-497DECE3D55C}.Release|Any CPU.ActiveCfg = Release|Any CPU
		{28D4D20E-3F79-4F5A-948E-497DECE3D55C}.Release|Any CPU.Build.0 = Release|Any CPU
		{A03070AE-7682-4FF5-A1A1-6B2FE7892307}.Debug|Any CPU.ActiveCfg = Debug|Any CPU
		{A03070AE-7682-4FF5-A1A1-6B2FE7892307}.Debug|Any CPU.Build.0 = Debug|Any CPU
		{A03070AE-7682-4FF5-A1A1-6B2FE7892307}.Release|Any CPU.ActiveCfg = Release|Any CPU
		{A03070AE-7682-4FF5-A1A1-6B2FE7892307}.Release|Any CPU.Build.0 = Release|Any CPU
	EndGlobalSection
	GlobalSection(SolutionProperties) = preSolution
		HideSolutionNode = FALSE
	EndGlobalSection
	GlobalSection(ExtensibilityGlobals) = postSolution
		SolutionGuid = {FB30E21A-6902-428D-9737-A4DBB4A5EA02}
	EndGlobalSection
EndGlobal
